
Microsoft Visual Studio Solution File, Format Version 12.00
# Visual Studio 15
VisualStudioVersion = 15.0.28307.1585
MinimumVisualStudioVersion = 10.0.40219.1
Project("{FAE04EC0-301F-11D3-BF4B-00C04F79EFBC}") = "SalesWebMvc", "SalesWebMvc\SalesWebMvc.csproj", "{BDD0ACF0-A2FF-4334-97C7-DB964A0AEC55}"
EndProject
Global
	GlobalSection(SolutionConfigurationPlatforms) = preSolution
		Debug|Any CPU = Debug|Any CPU
		Release|Any CPU = Release|Any CPU
	EndGlobalSection
	GlobalSection(ProjectConfigurationPlatforms) = postSolution
		{BDD0ACF0-A2FF-4334-97C7-DB964A0AEC55}.Debug|Any CPU.ActiveCfg = Debug|Any CPU
		{BDD0ACF0-A2FF-4334-97C7-DB964A0AEC55}.Debug|Any CPU.Build.0 = Debug|Any CPU
		{BDD0ACF0-A2FF-4334-97C7-DB964A0AEC55}.Release|Any CPU.ActiveCfg = Release|Any CPU
		{BDD0ACF0-A2FF-4334-97C7-DB964A0AEC55}.Release|Any CPU.Build.0 = Release|Any CPU
	EndGlobalSection
	GlobalSection(SolutionProperties) = preSolution
		HideSolutionNode = FALSE
	EndGlobalSection
	GlobalSection(ExtensibilityGlobals) = postSolution
		SolutionGuid = {B808E46B-406D-4ED3-BDFA-C101AE7A4859}
	EndGlobalSection
EndGlobal
